{
  "nodes": {
    "anytype-l10n": {
      "flake": false,
      "locked": {
        "lastModified": 1736902998,
        "narHash": "sha256-WfW6s8PIsZBAXCEhWzPCVFRhpy31Vdx5gSgAV4b9NHw=",
        "owner": "anyproto",
        "repo": "l10n-anytype-ts",
        "rev": "035a325aed803788b02fe0f2a55bf181e608ab61",
        "type": "github"
      },
      "original": {
        "owner": "anyproto",
        "repo": "l10n-anytype-ts",
        "type": "github"
      }
    },
    "flake-utils": {
      "inputs": {
        "systems": [
          "systems"
        ]
      },
      "locked": {
        "lastModified": 1731533236,
        "narHash": "sha256-l0KFg5HjrsfsO/JpG+r7fRrqm12kzFHyUHqHCVpMMbI=",
        "owner": "numtide",
        "repo": "flake-utils",
        "rev": "11707dc2f618dd54ca8739b309ec4fc024de578b",
        "type": "github"
      },
      "original": {
        "id": "flake-utils",
        "type": "indirect"
      }
    },
    "nixpkgs": {
      "locked": {
        "lastModified": 1736798957,
        "narHash": "sha256-qwpCtZhSsSNQtK4xYGzMiyEDhkNzOCz/Vfu4oL2ETsQ=",
        "owner": "NixOS",
        "repo": "nixpkgs",
        "rev": "9abb87b552b7f55ac8916b6fc9e5cb486656a2f3",
        "type": "github"
      },
      "original": {
        "owner": "NixOS",
        "ref": "nixos-unstable",
        "repo": "nixpkgs",
        "type": "github"
      }
    },
    "root": {
      "inputs": {
        "anytype-l10n": "anytype-l10n",
        "flake-utils": "flake-utils",
        "nixpkgs": "nixpkgs",
        "systems": "systems"
      }
    },
    "systems": {
      "locked": {
        "lastModified": 1689347949,
        "narHash": "sha256-12tWmuL2zgBgZkdoB6qXZsgJEH9LR3oUgpaQq2RbI80=",
        "owner": "nix-systems",
        "repo": "default-linux",
        "rev": "31732fcf5e8fea42e59c2488ad31a0e651500f68",
        "type": "github"
      },
      "original": {
        "owner": "nix-systems",
        "repo": "default-linux",
        "type": "github"
      }
    }
  },
  "root": "root",
  "version": 7
}
